
Microsoft Visual Studio Solution File, Format Version 12.00
# Visual Studio Version 17
VisualStudioVersion = 17.5.33627.172
MinimumVisualStudioVersion = 10.0.40219.1
Project("{FAE04EC0-301F-11D3-BF4B-00C04F79EFBC}") = "serverapiorg", "serverapiorg.csproj", "{1344723A-901A-4654-8CC9-1999C0E8EC76}"
EndProject
Global
	GlobalSection(SolutionConfigurationPlatforms) = preSolution
		Debug|Any CPU = Debug|Any CPU
		Release|Any CPU = Release|Any CPU
	EndGlobalSection
	GlobalSection(ProjectConfigurationPlatforms) = postSolution
		{1344723A-901A-4654-8CC9-1999C0E8EC76}.Debug|Any CPU.ActiveCfg = Debug|Any CPU
		{1344723A-901A-4654-8CC9-1999C0E8EC76}.Debug|Any CPU.Build.0 = Debug|Any CPU
		{1344723A-901A-4654-8CC9-1999C0E8EC76}.Release|Any CPU.ActiveCfg = Release|Any CPU
		{1344723A-901A-4654-8CC9-1999C0E8EC76}.Release|Any CPU.Build.0 = Release|Any CPU
	EndGlobalSection
	GlobalSection(SolutionProperties) = preSolution
		HideSolutionNode = FALSE
	EndGlobalSection
	GlobalSection(ExtensibilityGlobals) = postSolution
		SolutionGuid = {495C22B7-D495-4907-A4AD-E4D5643D7198}
	EndGlobalSection
EndGlobal
